
Microsoft Visual Studio Solution File, Format Version 12.00
Project("{FAE04EC0-301F-11D3-BF4B-00C04F79EFBC}") = "AuthProject", "AuthProject\AuthProject.csproj", "{C837E39F-83AD-487E-BED7-EEBBC8285BA0}"
EndProject
Project("{FAE04EC0-301F-11D3-BF4B-00C04F79EFBC}") = "Auth_Template.UnitTests", "Auth_Template.UnitTests\Auth_Template.UnitTests.csproj", "{B8657AC7-FD01-40E0-9364-A7AFC4926828}"
EndProject
Global
	GlobalSection(SolutionConfigurationPlatforms) = preSolution
		Debug|Any CPU = Debug|Any CPU
		Release|Any CPU = Release|Any CPU
	EndGlobalSection
	GlobalSection(ProjectConfigurationPlatforms) = postSolution
		{C837E39F-83AD-487E-BED7-EEBBC8285BA0}.Debug|Any CPU.ActiveCfg = Debug|Any CPU
		{C837E39F-83AD-487E-BED7-EEBBC8285BA0}.Debug|Any CPU.Build.0 = Debug|Any CPU
		{C837E39F-83AD-487E-BED7-EEBBC8285BA0}.Release|Any CPU.ActiveCfg = Release|Any CPU
		{C837E39F-83AD-487E-BED7-EEBBC8285BA0}.Release|Any CPU.Build.0 = Release|Any CPU
		{B8657AC7-FD01-40E0-9364-A7AFC4926828}.Debug|Any CPU.ActiveCfg = Debug|Any CPU
		{B8657AC7-FD01-40E0-9364-A7AFC4926828}.Debug|Any CPU.Build.0 = Debug|Any CPU
		{B8657AC7-FD01-40E0-9364-A7AFC4926828}.Release|Any CPU.ActiveCfg = Release|Any CPU
		{B8657AC7-FD01-40E0-9364-A7AFC4926828}.Release|Any CPU.Build.0 = Release|Any CPU
	EndGlobalSection
EndGlobal
